
Microsoft Visual Studio Solution File, Format Version 12.00
# Visual Studio 14
VisualStudioVersion = 14.0.24720.0
MinimumVisualStudioVersion = 10.0.40219.1
Project("{FAE04EC0-301F-11D3-BF4B-00C04F79EFBC}") = "EventBusUnitTest", "EventBusUnitTest\EventBusUnitTest.csproj", "{B7AD853F-2AA4-476B-8CA1-90DB61EAF605}"
EndProject
Project("{FAE04EC0-301F-11D3-BF4B-00C04F79EFBC}") = "Sino.EventBus.Core", "Sino.EventBus.Core\Sino.EventBus.Core.csproj", "{2E753E36-C0F4-4922-BB04-BA9EBF9BD488}"
EndProject
Project("{FAE04EC0-301F-11D3-BF4B-00C04F79EFBC}") = "Sino.EventBus.Abp", "Sino.EventBus.Abp\Sino.EventBus.Abp.csproj", "{4DCC23FE-6417-44EF-93D6-C6FFE9EFA12E}"
EndProject
Global
	GlobalSection(SolutionConfigurationPlatforms) = preSolution
		Debug|Any CPU = Debug|Any CPU
		Release|Any CPU = Release|Any CPU
	EndGlobalSection
	GlobalSection(ProjectConfigurationPlatforms) = postSolution
		{B7AD853F-2AA4-476B-8CA1-90DB61EAF605}.Debug|Any CPU.ActiveCfg = Debug|Any CPU
		{B7AD853F-2AA4-476B-8CA1-90DB61EAF605}.Debug|Any CPU.Build.0 = Debug|Any CPU
		{B7AD853F-2AA4-476B-8CA1-90DB61EAF605}.Release|Any CPU.ActiveCfg = Release|Any CPU
		{B7AD853F-2AA4-476B-8CA1-90DB61EAF605}.Release|Any CPU.Build.0 = Release|Any CPU
		{2E753E36-C0F4-4922-BB04-BA9EBF9BD488}.Debug|Any CPU.ActiveCfg = Debug|Any CPU
		{2E753E36-C0F4-4922-BB04-BA9EBF9BD488}.Debug|Any CPU.Build.0 = Debug|Any CPU
		{2E753E36-C0F4-4922-BB04-BA9EBF9BD488}.Release|Any CPU.ActiveCfg = Release|Any CPU
		{2E753E36-C0F4-4922-BB04-BA9EBF9BD488}.Release|Any CPU.Build.0 = Release|Any CPU
		{4DCC23FE-6417-44EF-93D6-C6FFE9EFA12E}.Debug|Any CPU.ActiveCfg = Debug|Any CPU
		{4DCC23FE-6417-44EF-93D6-C6FFE9EFA12E}.Debug|Any CPU.Build.0 = Debug|Any CPU
		{4DCC23FE-6417-44EF-93D6-C6FFE9EFA12E}.Release|Any CPU.ActiveCfg = Release|Any CPU
		{4DCC23FE-6417-44EF-93D6-C6FFE9EFA12E}.Release|Any CPU.Build.0 = Release|Any CPU
	EndGlobalSection
	GlobalSection(SolutionProperties) = preSolution
		HideSolutionNode = FALSE
	EndGlobalSection
EndGlobal
